
Microsoft Visual Studio Solution File, Format Version 12.00
# Visual Studio Version 16
VisualStudioVersion = 16.0.30204.135
MinimumVisualStudioVersion = 10.0.40219.1
Project("{FAE04EC0-301F-11D3-BF4B-00C04F79EFBC}") = "WPF-app-test", "WPF-app-test.csproj", "{0EFF5108-C2B4-4099-898E-7B2432E312B8}"
EndProject
Global
	GlobalSection(SolutionConfigurationPlatforms) = preSolution
		Debug|Any CPU = Debug|Any CPU
		Release|Any CPU = Release|Any CPU
	EndGlobalSection
	GlobalSection(ProjectConfigurationPlatforms) = postSolution
		{0EFF5108-C2B4-4099-898E-7B2432E312B8}.Debug|Any CPU.ActiveCfg = Debug|Any CPU
		{0EFF5108-C2B4-4099-898E-7B2432E312B8}.Debug|Any CPU.Build.0 = Debug|Any CPU
		{0EFF5108-C2B4-4099-898E-7B2432E312B8}.Release|Any CPU.ActiveCfg = Release|Any CPU
		{0EFF5108-C2B4-4099-898E-7B2432E312B8}.Release|Any CPU.Build.0 = Release|Any CPU
	EndGlobalSection
	GlobalSection(SolutionProperties) = preSolution
		HideSolutionNode = FALSE
	EndGlobalSection
	GlobalSection(ExtensibilityGlobals) = postSolution
		SolutionGuid = {B8BD588B-2C59-4037-B557-02B7CC5347AE}
	EndGlobalSection
EndGlobal
